
Microsoft Visual Studio Solution File, Format Version 12.00
# Visual Studio Version 16
VisualStudioVersion = 16.0.29418.71
MinimumVisualStudioVersion = 10.0.40219.1
Project("{FAE04EC0-301F-11D3-BF4B-00C04F79EFBC}") = "Find_New_Recipes", "Find_New_Recipes\Find_New_Recipes.csproj", "{28EEB2BD-49EE-41F7-873C-92B65F9C8995}"
EndProject
Global
	GlobalSection(SolutionConfigurationPlatforms) = preSolution
		Debug|Any CPU = Debug|Any CPU
		Release|Any CPU = Release|Any CPU
	EndGlobalSection
	GlobalSection(ProjectConfigurationPlatforms) = postSolution
		{28EEB2BD-49EE-41F7-873C-92B65F9C8995}.Debug|Any CPU.ActiveCfg = Debug|Any CPU
		{28EEB2BD-49EE-41F7-873C-92B65F9C8995}.Debug|Any CPU.Build.0 = Debug|Any CPU
		{28EEB2BD-49EE-41F7-873C-92B65F9C8995}.Debug|Any CPU.Deploy.0 = Debug|Any CPU
		{28EEB2BD-49EE-41F7-873C-92B65F9C8995}.Release|Any CPU.ActiveCfg = Release|Any CPU
		{28EEB2BD-49EE-41F7-873C-92B65F9C8995}.Release|Any CPU.Build.0 = Release|Any CPU
		{28EEB2BD-49EE-41F7-873C-92B65F9C8995}.Release|Any CPU.Deploy.0 = Release|Any CPU
	EndGlobalSection
	GlobalSection(SolutionProperties) = preSolution
		HideSolutionNode = FALSE
	EndGlobalSection
	GlobalSection(ExtensibilityGlobals) = postSolution
		SolutionGuid = {0703C685-6728-4396-A0B4-2681855EEFB7}
	EndGlobalSection
EndGlobal
